<Solution>
  <Folder Name="/Solution Items/">
    <File Path=".editorconfig" />
    <File Path=".gitignore" />
    <File Path="AGENTS.md" />
    <File Path="Directory.Build.props" />
    <File Path="README.md" />
  </Folder>
  <Folder Name="/docs/">
    <File Path="docs/SDD.md" />
  </Folder>
  <Folder Name="/src/" />
  <Folder Name="/src/AutoCAD/">
    <Project Path="src/AutoCAD/CadLens.AutoCAD/CadLens.AutoCAD.csproj" />
  </Folder>
</Solution>