<Solution>
  <Folder Name="/Solution Items/">
    <File Path=".gitignore" />
    <File Path="README.md" />
  </Folder>
  <Folder Name="/docs/">
    <File Path="docs/SDD.md" />
  </Folder>
  <Folder Name="/openspec/">
    <File Path="openspec/config.yaml" />
  </Folder>
  <Folder Name="/openspec/specs/">
    <File Path="openspec/specs/.gitkeep" />
  </Folder>
  <Folder Name="/openspec/changes/archive/">
    <File Path="openspec/changes/archive/.gitkeep" />
  </Folder>
  <Folder Name="/openspec/changes/autocad-bootstrap/">
    <File Path="openspec/changes/autocad-bootstrap/.openspec.yaml" />
    <File Path="openspec/changes/autocad-bootstrap/design.md" />
    <File Path="openspec/changes/autocad-bootstrap/proposal.md" />
    <File Path="openspec/changes/autocad-bootstrap/specs/autocad-command/spec.md" />
  </Folder>
</Solution>